
Microsoft Visual Studio Solution File, Format Version 12.00
# Visual Studio Version 17
VisualStudioVersion = 17.0.31919.166
MinimumVisualStudioVersion = 10.0.40219.1
Project("{9A19103F-16F7-4668-BE54-9A1E7A4F7556}") = "CSharpBasico", "CSharpBasico\CSharpBasico.csproj", "{C87E6F9F-A8BF-476A-AAD0-3E467FC24EFE}"
EndProject
Project("{9A19103F-16F7-4668-BE54-9A1E7A4F7556}") = "ProjetoPedidos", "ProjetoPedidos\ProjetoPedidos.csproj", "{13175C55-6E2A-4C4E-B6E4-27DA13E58A4D}"
EndProject
Project("{9A19103F-16F7-4668-BE54-9A1E7A4F7556}") = "CalculoPagamentoFuncionario", "CalculoPagamentoFuncionario\CalculoPagamentoFuncionario.csproj", "{B1C28E79-8CCE-4EFA-AC8F-AD18B3463C89}"
EndProject
Project("{9A19103F-16F7-4668-BE54-9A1E7A4F7556}") = "UseStringBuilder", "StringBuilder\UseStringBuilder.csproj", "{A5F1B593-4F1A-4E4A-A531-EC640EEC9515}"
EndProject
Project("{FAE04EC0-301F-11D3-BF4B-00C04F79EFBC}") = "Heranca", "Heranca\Heranca.csproj", "{6DF3C617-BBB6-431F-9D06-742DCD3C36BD}"
EndProject
Global
	GlobalSection(SolutionConfigurationPlatforms) = preSolution
		Debug|Any CPU = Debug|Any CPU
		Release|Any CPU = Release|Any CPU
	EndGlobalSection
	GlobalSection(ProjectConfigurationPlatforms) = postSolution
		{C87E6F9F-A8BF-476A-AAD0-3E467FC24EFE}.Debug|Any CPU.ActiveCfg = Debug|Any CPU
		{C87E6F9F-A8BF-476A-AAD0-3E467FC24EFE}.Debug|Any CPU.Build.0 = Debug|Any CPU
		{C87E6F9F-A8BF-476A-AAD0-3E467FC24EFE}.Release|Any CPU.ActiveCfg = Release|Any CPU
		{C87E6F9F-A8BF-476A-AAD0-3E467FC24EFE}.Release|Any CPU.Build.0 = Release|Any CPU
		{13175C55-6E2A-4C4E-B6E4-27DA13E58A4D}.Debug|Any CPU.ActiveCfg = Debug|Any CPU
		{13175C55-6E2A-4C4E-B6E4-27DA13E58A4D}.Debug|Any CPU.Build.0 = Debug|Any CPU
		{13175C55-6E2A-4C4E-B6E4-27DA13E58A4D}.Release|Any CPU.ActiveCfg = Release|Any CPU
		{13175C55-6E2A-4C4E-B6E4-27DA13E58A4D}.Release|Any CPU.Build.0 = Release|Any CPU
		{B1C28E79-8CCE-4EFA-AC8F-AD18B3463C89}.Debug|Any CPU.ActiveCfg = Debug|Any CPU
		{B1C28E79-8CCE-4EFA-AC8F-AD18B3463C89}.Debug|Any CPU.Build.0 = Debug|Any CPU
		{B1C28E79-8CCE-4EFA-AC8F-AD18B3463C89}.Release|Any CPU.ActiveCfg = Release|Any CPU
		{B1C28E79-8CCE-4EFA-AC8F-AD18B3463C89}.Release|Any CPU.Build.0 = Release|Any CPU
		{A5F1B593-4F1A-4E4A-A531-EC640EEC9515}.Debug|Any CPU.ActiveCfg = Debug|Any CPU
		{A5F1B593-4F1A-4E4A-A531-EC640EEC9515}.Debug|Any CPU.Build.0 = Debug|Any CPU
		{A5F1B593-4F1A-4E4A-A531-EC640EEC9515}.Release|Any CPU.ActiveCfg = Release|Any CPU
		{A5F1B593-4F1A-4E4A-A531-EC640EEC9515}.Release|Any CPU.Build.0 = Release|Any CPU
		{6DF3C617-BBB6-431F-9D06-742DCD3C36BD}.Debug|Any CPU.ActiveCfg = Debug|Any CPU
		{6DF3C617-BBB6-431F-9D06-742DCD3C36BD}.Debug|Any CPU.Build.0 = Debug|Any CPU
		{6DF3C617-BBB6-431F-9D06-742DCD3C36BD}.Release|Any CPU.ActiveCfg = Release|Any CPU
		{6DF3C617-BBB6-431F-9D06-742DCD3C36BD}.Release|Any CPU.Build.0 = Release|Any CPU
	EndGlobalSection
	GlobalSection(SolutionProperties) = preSolution
		HideSolutionNode = FALSE
	EndGlobalSection
	GlobalSection(ExtensibilityGlobals) = postSolution
		SolutionGuid = {BB35FB1A-96C1-4EA7-8991-3FCCBCE1B5FF}
	EndGlobalSection
EndGlobal
